// !$*UTF8*$!
{
	archiveVersion = 1;
	classes = {
	};
	objectVersion = 50;
	objects = {

/* Begin PBXBuildFile section */
		149987986E50AF70159A29F9 /* Pods_tumblr_lab.framework in Frameworks */ = {isa = PBXBuildFile; fileRef = 292B9A20D39AB239B640469D /* Pods_tumblr_lab.framework */; };
		2FED2CF180FBAF8EE4C8C097 /* Pods_tumblr_labUITests.framework in Frameworks */ = {isa = PBXBuildFile; fileRef = 5837FD2EDE16A4B5D9F3423E /* Pods_tumblr_labUITests.framework */; };
		741450FC214787490020FF40 /* PhotoDetailsViewController.swift in Sources */ = {isa = PBXBuildFile; fileRef = 741450FB214787490020FF40 /* PhotoDetailsViewController.swift */; };
		74B0743021461CDC00C7CBEE /* PhotosViewController.swift in Sources */ = {isa = PBXBuildFile; fileRef = 74B0742F21461CDC00C7CBEE /* PhotosViewController.swift */; };
		74B07432214630E100C7CBEE /* PhotoCell.swift in Sources */ = {isa = PBXBuildFile; fileRef = 74B07431214630E100C7CBEE /* PhotoCell.swift */; };
		74B09972214610CC009657B7 /* AppDelegate.swift in Sources */ = {isa = PBXBuildFile; fileRef = 74B09971214610CC009657B7 /* AppDelegate.swift */; };
		74B09977214610CC009657B7 /* Main.storyboard in Resources */ = {isa = PBXBuildFile; fileRef = 74B09975214610CC009657B7 /* Main.storyboard */; };
		74B09979214610CE009657B7 /* Assets.xcassets in Resources */ = {isa = PBXBuildFile; fileRef = 74B09978214610CE009657B7 /* Assets.xcassets */; };
		74B0997C214610CE009657B7 /* LaunchScreen.storyboard in Resources */ = {isa = PBXBuildFile; fileRef = 74B0997A214610CE009657B7 /* LaunchScreen.storyboard */; };
		74B09987214610CE009657B7 /* tumblr_labTests.swift in Sources */ = {isa = PBXBuildFile; fileRef = 74B09986214610CE009657B7 /* tumblr_labTests.swift */; };
		74B09992214610CE009657B7 /* tumblr_labUITests.swift in Sources */ = {isa = PBXBuildFile; fileRef = 74B09991214610CE009657B7 /* tumblr_labUITests.swift */; };
		CB2DB803BFFE0C469679A113 /* Pods_tumblr_labTests.framework in Frameworks */ = {isa = PBXBuildFile; fileRef = F81741722E974FA655A7AB51 /* Pods_tumblr_labTests.framework */; };
/* End PBXBuildFile section */

/* Begin PBXContainerItemProxy section */
		74B09983214610CE009657B7 /* PBXContainerItemProxy */ = {
			isa = PBXContainerItemProxy;
			containerPortal = 74B09966214610CC009657B7 /* Project object */;
			proxyType = 1;
			remoteGlobalIDString = 74B0996D214610CC009657B7;
			remoteInfo = tumblr_lab;
		};
		74B0998E214610CE009657B7 /* PBXContainerItemProxy */ = {
			isa = PBXContainerItemProxy;
			containerPortal = 74B09966214610CC009657B7 /* Project object */;
			proxyType = 1;
			remoteGlobalIDString = 74B0996D214610CC009657B7;
			remoteInfo = tumblr_lab;
		};
/* End PBXContainerItemProxy section */

/* Begin PBXFileReference section */
		24241465AB52B915A2EA6AD0 /* Pods-tumblr_lab.release.xcconfig */ = {isa = PBXFileReference; includeInIndex = 1; lastKnownFileType = text.xcconfig; name = "Pods-tumblr_lab.release.xcconfig"; path = "Pods/Target Support Files/Pods-tumblr_lab/Pods-tumblr_lab.release.xcconfig"; sourceTree = "<group>"; };
		292B9A20D39AB239B640469D /* Pods_tumblr_lab.framework */ = {isa = PBXFileReference; explicitFileType = wrapper.framework; includeInIndex = 0; path = Pods_tumblr_lab.framework; sourceTree = BUILT_PRODUCTS_DIR; };
		55F0A1471E1CBE859EE45EB3 /* Pods-tumblr_labTests.release.xcconfig */ = {isa = PBXFileReference; includeInIndex = 1; lastKnownFileType = text.xcconfig; name = "Pods-tumblr_labTests.release.xcconfig"; path = "Pods/Target Support Files/Pods-tumblr_labTests/Pods-tumblr_labTests.release.xcconfig"; sourceTree = "<group>"; };
		5837FD2EDE16A4B5D9F3423E /* Pods_tumblr_labUITests.framework */ = {isa = PBXFileReference; explicitFileType = wrapper.framework; includeInIndex = 0; path = Pods_tumblr_labUITests.framework; sourceTree = BUILT_PRODUCTS_DIR; };
		5A9E3884D8D254C65CBF4CB1 /* Pods-tumblr_labUITests.release.xcconfig */ = {isa = PBXFileReference; includeInIndex = 1; lastKnownFileType = text.xcconfig; name = "Pods-tumblr_labUITests.release.xcconfig"; path = "Pods/Target Support Files/Pods-tumblr_labUITests/Pods-tumblr_labUITests.release.xcconfig"; sourceTree = "<group>"; };
		741450FB214787490020FF40 /* PhotoDetailsViewController.swift */ = {isa = PBXFileReference; lastKnownFileType = sourcecode.swift; path = PhotoDetailsViewController.swift; sourceTree = "<group>"; };
		74B0742F21461CDC00C7CBEE /* PhotosViewController.swift */ = {isa = PBXFileReference; lastKnownFileType = sourcecode.swift; path = PhotosViewController.swift; sourceTree = "<group>"; };
		74B07431214630E100C7CBEE /* PhotoCell.swift */ = {isa = PBXFileReference; lastKnownFileType = sourcecode.swift; path = PhotoCell.swift; sourceTree = "<group>"; };
		74B0996E214610CC009657B7 /* tumblr_lab.app */ = {isa = PBXFileReference; explicitFileType = wrapper.application; includeInIndex = 0; path = tumblr_lab.app; sourceTree = BUILT_PRODUCTS_DIR; };
		74B09971214610CC009657B7 /* AppDelegate.swift */ = {isa = PBXFileReference; lastKnownFileType = sourcecode.swift; path = AppDelegate.swift; sourceTree = "<group>"; };
		74B09976214610CC009657B7 /* Base */ = {isa = PBXFileReference; lastKnownFileType = file.storyboard; name = Base; path = Base.lproj/Main.storyboard; sourceTree = "<group>"; };
		74B09978214610CE009657B7 /* Assets.xcassets */ = {isa = PBXFileReference; lastKnownFileType = folder.assetcatalog; path = Assets.xcassets; sourceTree = "<group>"; };
		74B0997B214610CE009657B7 /* Base */ = {isa = PBXFileReference; lastKnownFileType = file.storyboard; name = Base; path = Base.lproj/LaunchScreen.storyboard; sourceTree = "<group>"; };
		74B0997D214610CE009657B7 /* Info.plist */ = {isa = PBXFileReference; lastKnownFileType = text.plist.xml; path = Info.plist; sourceTree = "<group>"; };
		74B09982214610CE009657B7 /* tumblr_labTests.xctest */ = {isa = PBXFileReference; explicitFileType = wrapper.cfbundle; includeInIndex = 0; path = tumblr_labTests.xctest; sourceTree = BUILT_PRODUCTS_DIR; };
		74B09986214610CE009657B7 /* tumblr_labTests.swift */ = {isa = PBXFileReference; lastKnownFileType = sourcecode.swift; path = tumblr_labTests.swift; sourceTree = "<group>"; };
		74B09988214610CE009657B7 /* Info.plist */ = {isa = PBXFileReference; lastKnownFileType = text.plist.xml; path = Info.plist; sourceTree = "<group>"; };
		74B0998D214610CE009657B7 /* tumblr_labUITests.xctest */ = {isa = PBXFileReference; explicitFileType = wrapper.cfbundle; includeInIndex = 0; path = tumblr_labUITests.xctest; sourceTree = BUILT_PRODUCTS_DIR; };
		74B09991214610CE009657B7 /* tumblr_labUITests.swift */ = {isa = PBXFileReference; lastKnownFileType = sourcecode.swift; path = tumblr_labUITests.swift; sourceTree = "<group>"; };
		74B09993214610CE009657B7 /* Info.plist */ = {isa = PBXFileReference; lastKnownFileType = text.plist.xml; path = Info.plist; sourceTree = "<group>"; };
		9F81D31D908E619AF4A77C75 /* Pods-tumblr_labUITests.debug.xcconfig */ = {isa = PBXFileReference; includeInIndex = 1; lastKnownFileType = text.xcconfig; name = "Pods-tumblr_labUITests.debug.xcconfig"; path = "Pods/Target Support Files/Pods-tumblr_labUITests/Pods-tumblr_labUITests.debug.xcconfig"; sourceTree = "<group>"; };
		A512D6B4745C929FEEACAD68 /* Pods-tumblr_labTests.debug.xcconfig */ = {isa = PBXFileReference; includeInIndex = 1; lastKnownFileType = text.xcconfig; name = "Pods-tumblr_labTests.debug.xcconfig"; path = "Pods/Target Support Files/Pods-tumblr_labTests/Pods-tumblr_labTests.debug.xcconfig"; sourceTree = "<group>"; };
		C27576E21224805FF6240CCC /* Pods-tumblr_lab.debug.xcconfig */ = {isa = PBXFileReference; includeInIndex = 1; lastKnownFileType = text.xcconfig; name = "Pods-tumblr_lab.debug.xcconfig"; path = "Pods/Target Support Files/Pods-tumblr_lab/Pods-tumblr_lab.debug.xcconfig"; sourceTree = "<group>"; };
		F81741722E974FA655A7AB51 /* Pods_tumblr_labTests.framework */ = {isa = PBXFileReference; explicitFileType = wrapper.framework; includeInIndex = 0; path = Pods_tumblr_labTests.framework; sourceTree = BUILT_PRODUCTS_DIR; };
/* End PBXFileReference section */

/* Begin PBXFrameworksBuildPhase section */
		74B0996B214610CC009657B7 /* Frameworks */ = {
			isa = PBXFrameworksBuildPhase;
			buildActionMask = 2147483647;
			files = (
				149987986E50AF70159A29F9 /* Pods_tumblr_lab.framework in Frameworks */,
			);
			runOnlyForDeploymentPostprocessing = 0;
		};
		74B0997F214610CE009657B7 /* Frameworks */ = {
			isa = PBXFrameworksBuildPhase;
			buildActionMask = 2147483647;
			files = (
				CB2DB803BFFE0C469679A113 /* Pods_tumblr_labTests.framework in Frameworks */,
			);
			runOnlyForDeploymentPostprocessing = 0;
		};
		74B0998A214610CE009657B7 /* Frameworks */ = {
			isa = PBXFrameworksBuildPhase;
			buildActionMask = 2147483647;
			files = (
				2FED2CF180FBAF8EE4C8C097 /* Pods_tumblr_labUITests.framework in Frameworks */,
			);
			runOnlyForDeploymentPostprocessing = 0;
		};
/* End PBXFrameworksBuildPhase section */

/* Begin PBXGroup section */
		431C77564A4515E3663CEC9D /* Pods */ = {
			isa = PBXGroup;
			children = (
				C27576E21224805FF6240CCC /* Pods-tumblr_lab.debug.xcconfig */,
				24241465AB52B915A2EA6AD0 /* Pods-tumblr_lab.release.xcconfig */,
				A512D6B4745C929FEEACAD68 /* Pods-tumblr_labTests.debug.xcconfig */,
				55F0A1471E1CBE859EE45EB3 /* Pods-tumblr_labTests.release.xcconfig */,
				9F81D31D908E619AF4A77C75 /* Pods-tumblr_labUITests.debug.xcconfig */,
				5A9E3884D8D254C65CBF4CB1 /* Pods-tumblr_labUITests.release.xcconfig */,
			);
			name = Pods;
			sourceTree = "<group>";
		};
		74B09965214610CC009657B7 = {
			isa = PBXGroup;
			children = (
				74B09970214610CC009657B7 /* tumblr_lab */,
				74B09985214610CE009657B7 /* tumblr_labTests */,
				74B09990214610CE009657B7 /* tumblr_labUITests */,
				74B0996F214610CC009657B7 /* Products */,
				431C77564A4515E3663CEC9D /* Pods */,
				D0A951255C3CD82931EF4528 /* Frameworks */,
			);
			sourceTree = "<group>";
		};
		74B0996F214610CC009657B7 /* Products */ = {
			isa = PBXGroup;
			children = (
				74B0996E214610CC009657B7 /* tumblr_lab.app */,
				74B09982214610CE009657B7 /* tumblr_labTests.xctest */,
				74B0998D214610CE009657B7 /* tumblr_labUITests.xctest */,
			);
			name = Products;
			sourceTree = "<group>";
		};
		74B09970214610CC009657B7 /* tumblr_lab */ = {
			isa = PBXGroup;
			children = (
				74B0742F21461CDC00C7CBEE /* PhotosViewController.swift */,
				74B09971214610CC009657B7 /* AppDelegate.swift */,
				74B09975214610CC009657B7 /* Main.storyboard */,
				74B07431214630E100C7CBEE /* PhotoCell.swift */,
				74B09978214610CE009657B7 /* Assets.xcassets */,
				74B0997A214610CE009657B7 /* LaunchScreen.storyboard */,
				74B0997D214610CE009657B7 /* Info.plist */,
				741450FB214787490020FF40 /* PhotoDetailsViewController.swift */,
			);
			path = tumblr_lab;
			sourceTree = "<group>";
		};
		74B09985214610CE009657B7 /* tumblr_labTests */ = {
			isa = PBXGroup;
			children = (
				74B09986214610CE009657B7 /* tumblr_labTests.swift */,
				74B09988214610CE009657B7 /* Info.plist */,
			);
			path = tumblr_labTests;
			sourceTree = "<group>";
		};
		74B09990214610CE009657B7 /* tumblr_labUITests */ = {
			isa = PBXGroup;
			children = (
				74B09991214610CE009657B7 /* tumblr_labUITests.swift */,
				74B09993214610CE009657B7 /* Info.plist */,
			);
			path = tumblr_labUITests;
			sourceTree = "<group>";
		};
		D0A951255C3CD82931EF4528 /* Frameworks */ = {
			isa = PBXGroup;
			children = (
				292B9A20D39AB239B640469D /* Pods_tumblr_lab.framework */,
				F81741722E974FA655A7AB51 /* Pods_tumblr_labTests.framework */,
				5837FD2EDE16A4B5D9F3423E /* Pods_tumblr_labUITests.framework */,
			);
			name = Frameworks;
			sourceTree = "<group>";
		};
/* End PBXGroup section */

/* Begin PBXNativeTarget section */
		74B0996D214610CC009657B7 /* tumblr_lab */ = {
			isa = PBXNativeTarget;
			buildConfigurationList = 74B09996214610CE009657B7 /* Build configuration list for PBXNativeTarget "tumblr_lab" */;
			buildPhases = (
				FB06CF280D3EF2FC8AF89DD8 /* [CP] Check Pods Manifest.lock */,
				74B0996A214610CC009657B7 /* Sources */,
				74B0996B214610CC009657B7 /* Frameworks */,
				74B0996C214610CC009657B7 /* Resources */,
				FE80D4E1185129464D7077EA /* [CP] Embed Pods Frameworks */,
			);
			buildRules = (
			);
			dependencies = (
			);
			name = tumblr_lab;
			productName = tumblr_lab;
			productReference = 74B0996E214610CC009657B7 /* tumblr_lab.app */;
			productType = "com.apple.product-type.application";
		};
		74B09981214610CE009657B7 /* tumblr_labTests */ = {
			isa = PBXNativeTarget;
			buildConfigurationList = 74B09999214610CE009657B7 /* Build configuration list for PBXNativeTarget "tumblr_labTests" */;
			buildPhases = (
				40F2062352EC323F91F6202C /* [CP] Check Pods Manifest.lock */,
				74B0997E214610CE009657B7 /* Sources */,
				74B0997F214610CE009657B7 /* Frameworks */,
				74B09980214610CE009657B7 /* Resources */,
			);
			buildRules = (
			);
			dependencies = (
				74B09984214610CE009657B7 /* PBXTargetDependency */,
			);
			name = tumblr_labTests;
			productName = tumblr_labTests;
			productReference = 74B09982214610CE009657B7 /* tumblr_labTests.xctest */;
			productType = "com.apple.product-type.bundle.unit-test";
		};
		74B0998C214610CE009657B7 /* tumblr_labUITests */ = {
			isa = PBXNativeTarget;
			buildConfigurationList = 74B0999C214610CE009657B7 /* Build configuration list for PBXNativeTarget "tumblr_labUITests" */;
			buildPhases = (
				300F7CA6124C273275D9EE9A /* [CP] Check Pods Manifest.lock */,
				74B09989214610CE009657B7 /* Sources */,
				74B0998A214610CE009657B7 /* Frameworks */,
				74B0998B214610CE009657B7 /* Resources */,
			);
			buildRules = (
			);
			dependencies = (
				74B0998F214610CE009657B7 /* PBXTargetDependency */,
			);
			name = tumblr_labUITests;
			productName = tumblr_labUITests;
			productReference = 74B0998D214610CE009657B7 /* tumblr_labUITests.xctest */;
			productType = "com.apple.product-type.bundle.ui-testing";
		};
/* End PBXNativeTarget section */

/* Begin PBXProject section */
		74B09966214610CC009657B7 /* Project object */ = {
			isa = PBXProject;
			attributes = {
				LastSwiftUpdateCheck = 0940;
				LastUpgradeCheck = 0940;
				ORGANIZATIONNAME = "Fleurevca Francois";
				TargetAttributes = {
					74B0996D214610CC009657B7 = {
						CreatedOnToolsVersion = 9.4.1;
					};
					74B09981214610CE009657B7 = {
						CreatedOnToolsVersion = 9.4.1;
						TestTargetID = 74B0996D214610CC009657B7;
					};
					74B0998C214610CE009657B7 = {
						CreatedOnToolsVersion = 9.4.1;
						TestTargetID = 74B0996D214610CC009657B7;
					};
				};
			};
			buildConfigurationList = 74B09969214610CC009657B7 /* Build configuration list for PBXProject "tumblr_lab" */;
			compatibilityVersion = "Xcode 9.3";
			developmentRegion = en;
			hasScannedForEncodings = 0;
			knownRegions = (
				en,
				Base,
			);
			mainGroup = 74B09965214610CC009657B7;
			productRefGroup = 74B0996F214610CC009657B7 /* Products */;
			projectDirPath = "";
			projectRoot = "";
			targets = (
				74B0996D214610CC009657B7 /* tumblr_lab */,
				74B09981214610CE009657B7 /* tumblr_labTests */,
				74B0998C214610CE009657B7 /* tumblr_labUITests */,
			);
		};
/* End PBXProject section */

/* Begin PBXResourcesBuildPhase section */
		74B0996C214610CC009657B7 /* Resources */ = {
			isa = PBXResourcesBuildPhase;
			buildActionMask = 2147483647;
			files = (
				74B0997C214610CE009657B7 /* LaunchScreen.storyboard in Resources */,
				74B09979214610CE009657B7 /* Assets.xcassets in Resources */,
				74B09977214610CC009657B7 /* Main.storyboard in Resources */,
			);
			runOnlyForDeploymentPostprocessing = 0;
		};
		74B09980214610CE009657B7 /* Resources */ = {
			isa = PBXResourcesBuildPhase;
			buildActionMask = 2147483647;
			files = (
			);
			runOnlyForDeploymentPostprocessing = 0;
		};
		74B0998B214610CE009657B7 /* Resources */ = {
			isa = PBXResourcesBuildPhase;
			buildActionMask = 2147483647;
			files = (
			);
			runOnlyForDeploymentPostprocessing = 0;
		};
/* End PBXResourcesBuildPhase section */

/* Begin PBXShellScriptBuildPhase section */
		300F7CA6124C273275D9EE9A /* [CP] Check Pods Manifest.lock */ = {
			isa = PBXShellScriptBuildPhase;
			buildActionMask = 2147483647;
			files = (
			);
			inputPaths = (
				"${PODS_PODFILE_DIR_PATH}/Podfile.lock",
				"${PODS_ROOT}/Manifest.lock",
			);
			name = "[CP] Check Pods Manifest.lock";
			outputPaths = (
				"$(DERIVED_FILE_DIR)/Pods-tumblr_labUITests-checkManifestLockResult.txt",
			);
			runOnlyForDeploymentPostprocessing = 0;
			shellPath = /bin/sh;
			shellScript = "diff \"${PODS_PODFILE_DIR_PATH}/Podfile.lock\" \"${PODS_ROOT}/Manifest.lock\" > /dev/null\nif [ $? != 0 ] ; then\n    # print error to STDERR\n    echo \"error: The sandbox is not in sync with the Podfile.lock. Run 'pod install' or update your CocoaPods installation.\" >&2\n    exit 1\nfi\n# This output is used by Xcode 'outputs' to avoid re-running this script phase.\necho \"SUCCESS\" > \"${SCRIPT_OUTPUT_FILE_0}\"\n";
			showEnvVarsInLog = 0;
		};
		40F2062352EC323F91F6202C /* [CP] Check Pods Manifest.lock */ = {
			isa = PBXShellScriptBuildPhase;
			buildActionMask = 2147483647;
			files = (
			);
			inputPaths = (
				"${PODS_PODFILE_DIR_PATH}/Podfile.lock",
				"${PODS_ROOT}/Manifest.lock",
			);
			name = "[CP] Check Pods Manifest.lock";
			outputPaths = (
				"$(DERIVED_FILE_DIR)/Pods-tumblr_labTests-checkManifestLockResult.txt",
			);
			runOnlyForDeploymentPostprocessing = 0;
			shellPath = /bin/sh;
			shellScript = "diff \"${PODS_PODFILE_DIR_PATH}/Podfile.lock\" \"${PODS_ROOT}/Manifest.lock\" > /dev/null\nif [ $? != 0 ] ; then\n    # print error to STDERR\n    echo \"error: The sandbox is not in sync with the Podfile.lock. Run 'pod install' or update your CocoaPods installation.\" >&2\n    exit 1\nfi\n# This output is used by Xcode 'outputs' to avoid re-running this script phase.\necho \"SUCCESS\" > \"${SCRIPT_OUTPUT_FILE_0}\"\n";
			showEnvVarsInLog = 0;
		};
		FB06CF280D3EF2FC8AF89DD8 /* [CP] Check Pods Manifest.lock */ = {
			isa = PBXShellScriptBuildPhase;
			buildActionMask = 2147483647;
			files = (
			);
			inputPaths = (
				"${PODS_PODFILE_DIR_PATH}/Podfile.lock",
				"${PODS_ROOT}/Manifest.lock",
			);
			name = "[CP] Check Pods Manifest.lock";
			outputPaths = (
				"$(DERIVED_FILE_DIR)/Pods-tumblr_lab-checkManifestLockResult.txt",
			);
			runOnlyForDeploymentPostprocessing = 0;
			shellPath = /bin/sh;
			shellScript = "diff \"${PODS_PODFILE_DIR_PATH}/Podfile.lock\" \"${PODS_ROOT}/Manifest.lock\" > /dev/null\nif [ $? != 0 ] ; then\n    # print error to STDERR\n    echo \"error: The sandbox is not in sync with the Podfile.lock. Run 'pod install' or update your CocoaPods installation.\" >&2\n    exit 1\nfi\n# This output is used by Xcode 'outputs' to avoid re-running this script phase.\necho \"SUCCESS\" > \"${SCRIPT_OUTPUT_FILE_0}\"\n";
			showEnvVarsInLog = 0;
		};
		FE80D4E1185129464D7077EA /* [CP] Embed Pods Frameworks */ = {
			isa = PBXShellScriptBuildPhase;
			buildActionMask = 2147483647;
			files = (
			);
			inputPaths = (
				"${SRCROOT}/Pods/Target Support Files/Pods-tumblr_lab/Pods-tumblr_lab-frameworks.sh",
				"${BUILT_PRODUCTS_DIR}/Alamofire/Alamofire.framework",
				"${BUILT_PRODUCTS_DIR}/AlamofireImage/AlamofireImage.framework",
				"${BUILT_PRODUCTS_DIR}/OAuthSwift/OAuthSwift.framework",
				"${BUILT_PRODUCTS_DIR}/OAuthSwiftAlamofire/OAuthSwiftAlamofire.framework",
			);
			name = "[CP] Embed Pods Frameworks";
			outputPaths = (
				"${TARGET_BUILD_DIR}/${FRAMEWORKS_FOLDER_PATH}/Alamofire.framework",
				"${TARGET_BUILD_DIR}/${FRAMEWORKS_FOLDER_PATH}/AlamofireImage.framework",
				"${TARGET_BUILD_DIR}/${FRAMEWORKS_FOLDER_PATH}/OAuthSwift.framework",
				"${TARGET_BUILD_DIR}/${FRAMEWORKS_FOLDER_PATH}/OAuthSwiftAlamofire.framework",
			);
			runOnlyForDeploymentPostprocessing = 0;
			shellPath = /bin/sh;
			shellScript = "\"${SRCROOT}/Pods/Target Support Files/Pods-tumblr_lab/Pods-tumblr_lab-frameworks.sh\"\n";
			showEnvVarsInLog = 0;
		};
/* End PBXShellScriptBuildPhase section */

/* Begin PBXSourcesBuildPhase section */
		74B0996A214610CC009657B7 /* Sources */ = {
			isa = PBXSourcesBuildPhase;
			buildActionMask = 2147483647;
			files = (
				741450FC214787490020FF40 /* PhotoDetailsViewController.swift in Sources */,
				74B09972214610CC009657B7 /* AppDelegate.swift in Sources */,
				74B07432214630E100C7CBEE /* PhotoCell.swift in Sources */,
				74B0743021461CDC00C7CBEE /* PhotosViewController.swift in Sources */,
			);
			runOnlyForDeploymentPostprocessing = 0;
		};
		74B0997E214610CE009657B7 /* Sources */ = {
			isa = PBXSourcesBuildPhase;
			buildActionMask = 2147483647;
			files = (
				74B09987214610CE009657B7 /* tumblr_labTests.swift in Sources */,
			);
			runOnlyForDeploymentPostprocessing = 0;
		};
		74B09989214610CE009657B7 /* Sources */ = {
			isa = PBXSourcesBuildPhase;
			buildActionMask = 2147483647;
			files = (
				74B09992214610CE009657B7 /* tumblr_labUITests.swift in Sources */,
			);
			runOnlyForDeploymentPostprocessing = 0;
		};
/* End PBXSourcesBuildPhase section */

/* Begin PBXTargetDependency section */
		74B09984214610CE009657B7 /* PBXTargetDependency */ = {
			isa = PBXTargetDependency;
			target = 74B0996D214610CC009657B7 /* tumblr_lab */;
			targetProxy = 74B09983214610CE009657B7 /* PBXContainerItemProxy */;
		};
		74B0998F214610CE009657B7 /* PBXTargetDependency */ = {
			isa = PBXTargetDependency;
			target = 74B0996D214610CC009657B7 /* tumblr_lab */;
			targetProxy = 74B0998E214610CE009657B7 /* PBXContainerItemProxy */;
		};
/* End PBXTargetDependency section */

/* Begin PBXVariantGroup section */
		74B09975214610CC009657B7 /* Main.storyboard */ = {
			isa = PBXVariantGroup;
			children = (
				74B09976214610CC009657B7 /* Base */,
			);
			name = Main.storyboard;
			sourceTree = "<group>";
		};
		74B0997A214610CE009657B7 /* LaunchScreen.storyboard */ = {
			isa = PBXVariantGroup;
			children = (
				74B0997B214610CE009657B7 /* Base */,
			);
			name = LaunchScreen.storyboard;
			sourceTree = "<group>";
		};
/* End PBXVariantGroup section */

/* Begin XCBuildConfiguration section */
		74B09994214610CE009657B7 /* Debug */ = {
			isa = XCBuildConfiguration;
			buildSettings = {
				ALWAYS_SEARCH_USER_PATHS = NO;
				CLANG_ANALYZER_NONNULL = YES;
				CLANG_ANALYZER_NUMBER_OBJECT_CONVERSION = YES_AGGRESSIVE;
				CLANG_CXX_LANGUAGE_STANDARD = "gnu++14";
				CLANG_CXX_LIBRARY = "libc++";
				CLANG_ENABLE_MODULES = YES;
				CLANG_ENABLE_OBJC_ARC = YES;
				CLANG_ENABLE_OBJC_WEAK = YES;
				CLANG_WARN_BLOCK_CAPTURE_AUTORELEASING = YES;
				CLANG_WARN_BOOL_CONVERSION = YES;
				CLANG_WARN_COMMA = YES;
				CLANG_WARN_CONSTANT_CONVERSION = YES;
				CLANG_WARN_DEPRECATED_OBJC_IMPLEMENTATIONS = YES;
				CLANG_WARN_DIRECT_OBJC_ISA_USAGE = YES_ERROR;
				CLANG_WARN_DOCUMENTATION_COMMENTS = YES;
				CLANG_WARN_EMPTY_BODY = YES;
				CLANG_WARN_ENUM_CONVERSION = YES;
				CLANG_WARN_INFINITE_RECURSION = YES;
				CLANG_WARN_INT_CONVERSION = YES;
				CLANG_WARN_NON_LITERAL_NULL_CONVERSION = YES;
				CLANG_WARN_OBJC_IMPLICIT_RETAIN_SELF = YES;
				CLANG_WARN_OBJC_LITERAL_CONVERSION = YES;
				CLANG_WARN_OBJC_ROOT_CLASS = YES_ERROR;
				CLANG_WARN_RANGE_LOOP_ANALYSIS = YES;
				CLANG_WARN_STRICT_PROTOTYPES = YES;
				CLANG_WARN_SUSPICIOUS_MOVE = YES;
				CLANG_WARN_UNGUARDED_AVAILABILITY = YES_AGGRESSIVE;
				CLANG_WARN_UNREACHABLE_CODE = YES;
				CLANG_WARN__DUPLICATE_METHOD_MATCH = YES;
				CODE_SIGN_IDENTITY = "iPhone Developer";
				COPY_PHASE_STRIP = NO;
				DEBUG_INFORMATION_FORMAT = dwarf;
				ENABLE_STRICT_OBJC_MSGSEND = YES;
				ENABLE_TESTABILITY = YES;
				GCC_C_LANGUAGE_STANDARD = gnu11;
				GCC_DYNAMIC_NO_PIC = NO;
				GCC_NO_COMMON_BLOCKS = YES;
				GCC_OPTIMIZATION_LEVEL = 0;
				GCC_PREPROCESSOR_DEFINITIONS = (
					"DEBUG=1",
					"$(inherited)",
				);
				GCC_WARN_64_TO_32_BIT_CONVERSION = YES;
				GCC_WARN_ABOUT_RETURN_TYPE = YES_ERROR;
				GCC_WARN_UNDECLARED_SELECTOR = YES;
				GCC_WARN_UNINITIALIZED_AUTOS = YES_AGGRESSIVE;
				GCC_WARN_UNUSED_FUNCTION = YES;
				GCC_WARN_UNUSED_VARIABLE = YES;
				IPHONEOS_DEPLOYMENT_TARGET = 11.4;
				MTL_ENABLE_DEBUG_INFO = YES;
				ONLY_ACTIVE_ARCH = YES;
				SDKROOT = iphoneos;
				SWIFT_ACTIVE_COMPILATION_CONDITIONS = DEBUG;
				SWIFT_OPTIMIZATION_LEVEL = "-Onone";
			};
			name = Debug;
		};
		74B09995214610CE009657B7 /* Release */ = {
			isa = XCBuildConfiguration;
			buildSettings = {
				ALWAYS_SEARCH_USER_PATHS = NO;
				CLANG_ANALYZER_NONNULL = YES;
				CLANG_ANALYZER_NUMBER_OBJECT_CONVERSION = YES_AGGRESSIVE;
				CLANG_CXX_LANGUAGE_STANDARD = "gnu++14";
				CLANG_CXX_LIBRARY = "libc++";
				CLANG_ENABLE_MODULES = YES;
				CLANG_ENABLE_OBJC_ARC = YES;
				CLANG_ENABLE_OBJC_WEAK = YES;
				CLANG_WARN_BLOCK_CAPTURE_AUTORELEASING = YES;
				CLANG_WARN_BOOL_CONVERSION = YES;
				CLANG_WARN_COMMA = YES;
				CLANG_WARN_CONSTANT_CONVERSION = YES;
				CLANG_WARN_DEPRECATED_OBJC_IMPLEMENTATIONS = YES;
				CLANG_WARN_DIRECT_OBJC_ISA_USAGE = YES_ERROR;
				CLANG_WARN_DOCUMENTATION_COMMENTS = YES;
				CLANG_WARN_EMPTY_BODY = YES;
				CLANG_WARN_ENUM_CONVERSION = YES;
				CLANG_WARN_INFINITE_RECURSION = YES;
				CLANG_WARN_INT_CONVERSION = YES;
				CLANG_WARN_NON_LITERAL_NULL_CONVERSION = YES;
				CLANG_WARN_OBJC_IMPLICIT_RETAIN_SELF = YES;
				CLANG_WARN_OBJC_LITERAL_CONVERSION = YES;
				CLANG_WARN_OBJC_ROOT_CLASS = YES_ERROR;
				CLANG_WARN_RANGE_LOOP_ANALYSIS = YES;
				CLANG_WARN_STRICT_PROTOTYPES = YES;
				CLANG_WARN_SUSPICIOUS_MOVE = YES;
				CLANG_WARN_UNGUARDED_AVAILABILITY = YES_AGGRESSIVE;
				CLANG_WARN_UNREACHABLE_CODE = YES;
				CLANG_WARN__DUPLICATE_METHOD_MATCH = YES;
				CODE_SIGN_IDENTITY = "iPhone Developer";
				COPY_PHASE_STRIP = NO;
				DEBUG_INFORMATION_FORMAT = "dwarf-with-dsym";
				ENABLE_NS_ASSERTIONS = NO;
				ENABLE_STRICT_OBJC_MSGSEND = YES;
				GCC_C_LANGUAGE_STANDARD = gnu11;
				GCC_NO_COMMON_BLOCKS = YES;
				GCC_WARN_64_TO_32_BIT_CONVERSION = YES;
				GCC_WARN_ABOUT_RETURN_TYPE = YES_ERROR;
				GCC_WARN_UNDECLARED_SELECTOR = YES;
				GCC_WARN_UNINITIALIZED_AUTOS = YES_AGGRESSIVE;
				GCC_WARN_UNUSED_FUNCTION = YES;
				GCC_WARN_UNUSED_VARIABLE = YES;
				IPHONEOS_DEPLOYMENT_TARGET = 11.4;
				MTL_ENABLE_DEBUG_INFO = NO;
				SDKROOT = iphoneos;
				SWIFT_COMPILATION_MODE = wholemodule;
				SWIFT_OPTIMIZATION_LEVEL = "-O";
				VALIDATE_PRODUCT = YES;
			};
			name = Release;
		};
		74B09997214610CE009657B7 /* Debug */ = {
			isa = XCBuildConfiguration;
			baseConfigurationReference = C27576E21224805FF6240CCC /* Pods-tumblr_lab.debug.xcconfig */;
			buildSettings = {
				ASSETCATALOG_COMPILER_APPICON_NAME = AppIcon;
				CODE_SIGN_STYLE = Automatic;
				INFOPLIST_FILE = tumblr_lab/Info.plist;
				LD_RUNPATH_SEARCH_PATHS = (
					"$(inherited)",
					"@executable_path/Frameworks",
				);
				PRODUCT_BUNDLE_IDENTIFIER = "com.codepath.tumblr-lab";
				PRODUCT_NAME = "$(TARGET_NAME)";
				SWIFT_VERSION = 4.0;
				TARGETED_DEVICE_FAMILY = "1,2";
			};
			name = Debug;
		};
		74B09998214610CE009657B7 /* Release */ = {
			isa = XCBuildConfiguration;
			baseConfigurationReference = 24241465AB52B915A2EA6AD0 /* Pods-tumblr_lab.release.xcconfig */;
			buildSettings = {
				ASSETCATALOG_COMPILER_APPICON_NAME = AppIcon;
				CODE_SIGN_STYLE = Automatic;
				INFOPLIST_FILE = tumblr_lab/Info.plist;
				LD_RUNPATH_SEARCH_PATHS = (
					"$(inherited)",
					"@executable_path/Frameworks",
				);
				PRODUCT_BUNDLE_IDENTIFIER = "com.codepath.tumblr-lab";
				PRODUCT_NAME = "$(TARGET_NAME)";
				SWIFT_VERSION = 4.0;
				TARGETED_DEVICE_FAMILY = "1,2";
			};
			name = Release;
		};
		74B0999A214610CE009657B7 /* Debug */ = {
			isa = XCBuildConfiguration;
			baseConfigurationReference = A512D6B4745C929FEEACAD68 /* Pods-tumblr_labTests.debug.xcconfig */;
			buildSettings = {
				ALWAYS_EMBED_SWIFT_STANDARD_LIBRARIES = YES;
				BUNDLE_LOADER = "$(TEST_HOST)";
				CODE_SIGN_STYLE = Automatic;
				INFOPLIST_FILE = tumblr_labTests/Info.plist;
				LD_RUNPATH_SEARCH_PATHS = (
					"$(inherited)",
					"@executable_path/Frameworks",
					"@loader_path/Frameworks",
				);
				PRODUCT_BUNDLE_IDENTIFIER = "com.codepath.tumblr-labTests";
				PRODUCT_NAME = "$(TARGET_NAME)";
				SWIFT_VERSION = 4.0;
				TARGETED_DEVICE_FAMILY = "1,2";
				TEST_HOST = "$(BUILT_PRODUCTS_DIR)/tumblr_lab.app/tumblr_lab";
			};
			name = Debug;
		};
		74B0999B214610CE009657B7 /* Release */ = {
			isa = XCBuildConfiguration;
			baseConfigurationReference = 55F0A1471E1CBE859EE45EB3 /* Pods-tumblr_labTests.release.xcconfig */;
			buildSettings = {
				ALWAYS_EMBED_SWIFT_STANDARD_LIBRARIES = YES;
				BUNDLE_LOADER = "$(TEST_HOST)";
				CODE_SIGN_STYLE = Automatic;
				INFOPLIST_FILE = tumblr_labTests/Info.plist;
				LD_RUNPATH_SEARCH_PATHS = (
					"$(inherited)",
					"@executable_path/Frameworks",
					"@loader_path/Frameworks",
				);
				PRODUCT_BUNDLE_IDENTIFIER = "com.codepath.tumblr-labTests";
				PRODUCT_NAME = "$(TARGET_NAME)";
				SWIFT_VERSION = 4.0;
				TARGETED_DEVICE_FAMILY = "1,2";
				TEST_HOST = "$(BUILT_PRODUCTS_DIR)/tumblr_lab.app/tumblr_lab";
			};
			name = Release;
		};
		74B0999D214610CE009657B7 /* Debug */ = {
			isa = XCBuildConfiguration;
			baseConfigurationReference = 9F81D31D908E619AF4A77C75 /* Pods-tumblr_labUITests.debug.xcconfig */;
			buildSettings = {
				ALWAYS_EMBED_SWIFT_STANDARD_LIBRARIES = YES;
				CODE_SIGN_STYLE = Automatic;
				INFOPLIST_FILE = tumblr_labUITests/Info.plist;
				LD_RUNPATH_SEARCH_PATHS = (
					"$(inherited)",
					"@executable_path/Frameworks",
					"@loader_path/Frameworks",
				);
				PRODUCT_BUNDLE_IDENTIFIER = "com.codepath.tumblr-labUITests";
				PRODUCT_NAME = "$(TARGET_NAME)";
				SWIFT_VERSION = 4.0;
				TARGETED_DEVICE_FAMILY = "1,2";
				TEST_TARGET_NAME = tumblr_lab;
			};
			name = Debug;
		};
		74B0999E214610CE009657B7 /* Release */ = {
			isa = XCBuildConfiguration;
			baseConfigurationReference = 5A9E3884D8D254C65CBF4CB1 /* Pods-tumblr_labUITests.release.xcconfig */;
			buildSettings = {
				ALWAYS_EMBED_SWIFT_STANDARD_LIBRARIES = YES;
				CODE_SIGN_STYLE = Automatic;
				INFOPLIST_FILE = tumblr_labUITests/Info.plist;
				LD_RUNPATH_SEARCH_PATHS = (
					"$(inherited)",
					"@executable_path/Frameworks",
					"@loader_path/Frameworks",
				);
				PRODUCT_BUNDLE_IDENTIFIER = "com.codepath.tumblr-labUITests";
				PRODUCT_NAME = "$(TARGET_NAME)";
				SWIFT_VERSION = 4.0;
				TARGETED_DEVICE_FAMILY = "1,2";
				TEST_TARGET_NAME = tumblr_lab;
			};
			name = Release;
		};
/* End XCBuildConfiguration section */

/* Begin XCConfigurationList section */
		74B09969214610CC009657B7 /* Build configuration list for PBXProject "tumblr_lab" */ = {
			isa = XCConfigurationList;
			buildConfigurations = (
				74B09994214610CE009657B7 /* Debug */,
				74B09995214610CE009657B7 /* Release */,
			);
			defaultConfigurationIsVisible = 0;
			defaultConfigurationName = Release;
		};
		74B09996214610CE009657B7 /* Build configuration list for PBXNativeTarget "tumblr_lab" */ = {
			isa = XCConfigurationList;
			buildConfigurations = (
				74B09997214610CE009657B7 /* Debug */,
				74B09998214610CE009657B7 /* Release */,
			);
			defaultConfigurationIsVisible = 0;
			defaultConfigurationName = Release;
		};
		74B09999214610CE009657B7 /* Build configuration list for PBXNativeTarget "tumblr_labTests" */ = {
			isa = XCConfigurationList;
			buildConfigurations = (
				74B0999A214610CE009657B7 /* Debug */,
				74B0999B214610CE009657B7 /* Release */,
			);
			defaultConfigurationIsVisible = 0;
			defaultConfigurationName = Release;
		};
		74B0999C214610CE009657B7 /* Build configuration list for PBXNativeTarget "tumblr_labUITests" */ = {
			isa = XCConfigurationList;
			buildConfigurations = (
				74B0999D214610CE009657B7 /* Debug */,
				74B0999E214610CE009657B7 /* Release */,
			);
			defaultConfigurationIsVisible = 0;
			defaultConfigurationName = Release;
		};
/* End XCConfigurationList section */
	};
	rootObject = 74B09966214610CC009657B7 /* Project object */;
}
